
Microsoft Visual Studio Solution File, Format Version 12.00
# Visual Studio Version 17
VisualStudioVersion = 17.14.36301.6 d17.14
MinimumVisualStudioVersion = 10.0.40219.1
Project("{FAE04EC0-301F-11D3-BF4B-00C04F79EFBC}") = "FeedbackFlow", "FeedbackFlow.csproj", "{C5D14912-675B-40DC-8E0C-65CF44068D00}"
EndProject
Project("{FAE04EC0-301F-11D3-BF4B-00C04F79EFBC}") = "FeedbackFlow.Api", "FeedbackFlow.Api\FeedbackFlow.Api.csproj", "{33784836-F75B-4C92-9EFC-AAA7E71B70BC}"
EndProject
Project("{FAE04EC0-301F-11D3-BF4B-00C04F79EFBC}") = "FeedbackFlow.Core", "FeedbackFlow.Core\FeedbackFlow.Core.csproj", "{1788E662-49A9-44BB-BC64-0A943125BEB7}"
EndProject
Project("{FAE04EC0-301F-11D3-BF4B-00C04F79EFBC}") = "FeedbackFlow.Infrastructure", "FeedbackFlow.Infrastructure\FeedbackFlow.Infrastructure.csproj", "{865D4484-9DF9-4130-91D0-FFAE5D057D92}"
EndProject
Global
	GlobalSection(SolutionConfigurationPlatforms) = preSolution
		Debug|Any CPU = Debug|Any CPU
		Release|Any CPU = Release|Any CPU
	EndGlobalSection
	GlobalSection(ProjectConfigurationPlatforms) = postSolution
		{C5D14912-675B-40DC-8E0C-65CF44068D00}.Debug|Any CPU.ActiveCfg = Debug|Any CPU
		{C5D14912-675B-40DC-8E0C-65CF44068D00}.Debug|Any CPU.Build.0 = Debug|Any CPU
		{C5D14912-675B-40DC-8E0C-65CF44068D00}.Release|Any CPU.ActiveCfg = Release|Any CPU
		{C5D14912-675B-40DC-8E0C-65CF44068D00}.Release|Any CPU.Build.0 = Release|Any CPU
		{33784836-F75B-4C92-9EFC-AAA7E71B70BC}.Debug|Any CPU.ActiveCfg = Debug|Any CPU
		{33784836-F75B-4C92-9EFC-AAA7E71B70BC}.Debug|Any CPU.Build.0 = Debug|Any CPU
		{33784836-F75B-4C92-9EFC-AAA7E71B70BC}.Release|Any CPU.ActiveCfg = Release|Any CPU
		{33784836-F75B-4C92-9EFC-AAA7E71B70BC}.Release|Any CPU.Build.0 = Release|Any CPU
		{1788E662-49A9-44BB-BC64-0A943125BEB7}.Debug|Any CPU.ActiveCfg = Debug|Any CPU
		{1788E662-49A9-44BB-BC64-0A943125BEB7}.Debug|Any CPU.Build.0 = Debug|Any CPU
		{1788E662-49A9-44BB-BC64-0A943125BEB7}.Release|Any CPU.ActiveCfg = Release|Any CPU
		{1788E662-49A9-44BB-BC64-0A943125BEB7}.Release|Any CPU.Build.0 = Release|Any CPU
		{865D4484-9DF9-4130-91D0-FFAE5D057D92}.Debug|Any CPU.ActiveCfg = Debug|Any CPU
		{865D4484-9DF9-4130-91D0-FFAE5D057D92}.Debug|Any CPU.Build.0 = Debug|Any CPU
		{865D4484-9DF9-4130-91D0-FFAE5D057D92}.Release|Any CPU.ActiveCfg = Release|Any CPU
		{865D4484-9DF9-4130-91D0-FFAE5D057D92}.Release|Any CPU.Build.0 = Release|Any CPU
	EndGlobalSection
	GlobalSection(SolutionProperties) = preSolution
		HideSolutionNode = FALSE
	EndGlobalSection
	GlobalSection(ExtensibilityGlobals) = postSolution
		SolutionGuid = {8D42EEF6-1156-4FCE-AE04-1CC803C984A7}
	EndGlobalSection
EndGlobal
